version = 1
revision = 3
requires-python = ">=3.13"

[[package]]
name = "grpcio"
version = "1.74.0"
source = { registry = "https://pypi.org/simple" }
sdist = { url = "https://files.pythonhosted.org/packages/38/b4/35feb8f7cab7239c5b94bd2db71abb3d6adb5f335ad8f131abb6060840b6/grpcio-1.74.0.tar.gz", hash = "sha256:80d1f4fbb35b0742d3e3d3bb654b7381cd5f015f8497279a1e9c21ba623e01b1", size = 12756048, upload-time = "2025-07-24T18:54:23.039Z" }
wheels = [
    { url = "https://files.pythonhosted.org/packages/d4/d8/1004a5f468715221450e66b051c839c2ce9a985aa3ee427422061fcbb6aa/grpcio-1.74.0-cp313-cp313-linux_armv7l.whl", hash = "sha256:2bc2d7d8d184e2362b53905cb1708c84cb16354771c04b490485fa07ce3a1d89", size = 5449488, upload-time = "2025-07-24T18:53:41.174Z" },
    { url = "https://files.pythonhosted.org/packages/94/0e/33731a03f63740d7743dced423846c831d8e6da808fcd02821a4416df7fa/grpcio-1.74.0-cp313-cp313-macosx_11_0_universal2.whl", hash = "sha256:c14e803037e572c177ba54a3e090d6eb12efd795d49327c5ee2b3bddb836bf01", size = 10974059, upload-time = "2025-07-24T18:53:43.066Z" },
    { url = "https://files.pythonhosted.org/packages/0d/c6/3d2c14d87771a421205bdca991467cfe473ee4c6a1231c1ede5248c62ab8/grpcio-1.74.0-cp313-cp313-manylinux_2_17_aarch64.whl", hash = "sha256:f6ec94f0e50eb8fa1744a731088b966427575e40c2944a980049798b127a687e", size = 5945647, upload-time = "2025-07-24T18:53:45.269Z" },
    { url = "https://files.pythonhosted.org/packages/c5/83/5a354c8aaff58594eef7fffebae41a0f8995a6258bbc6809b800c33d4c13/grpcio-1.74.0-cp313-cp313-manylinux_2_17_i686.manylinux2014_i686.whl", hash = "sha256:566b9395b90cc3d0d0c6404bc8572c7c18786ede549cdb540ae27b58afe0fb91", size = 6626101, upload-time = "2025-07-24T18:53:47.015Z" },
    { url = "https://files.pythonhosted.org/packages/3f/ca/4fdc7bf59bf6994aa45cbd4ef1055cd65e2884de6113dbd49f75498ddb08/grpcio-1.74.0-cp313-cp313-manylinux_2_17_x86_64.manylinux2014_x86_64.whl", hash = "sha256:e1ea6176d7dfd5b941ea01c2ec34de9531ba494d541fe2057c904e601879f249", size = 6182562, upload-time = "2025-07-24T18:53:48.967Z" },
    { url = "https://files.pythonhosted.org/packages/fd/48/2869e5b2c1922583686f7ae674937986807c2f676d08be70d0a541316270/grpcio-1.74.0-cp313-cp313-musllinux_1_1_aarch64.whl", hash = "sha256:64229c1e9cea079420527fa8ac45d80fc1e8d3f94deaa35643c381fa8d98f362", size = 6303425, upload-time = "2025-07-24T18:53:50.847Z" },
    { url = "https://files.pythonhosted.org/packages/a6/0e/bac93147b9a164f759497bc6913e74af1cb632c733c7af62c0336782bd38/grpcio-1.74.0-cp313-cp313-musllinux_1_1_i686.whl", hash = "sha256:0f87bddd6e27fc776aacf7ebfec367b6d49cad0455123951e4488ea99d9b9b8f", size = 6996533, upload-time = "2025-07-24T18:53:52.747Z" },
    { url = "https://files.pythonhosted.org/packages/84/35/9f6b2503c1fd86d068b46818bbd7329db26a87cdd8c01e0d1a9abea1104c/grpcio-1.74.0-cp313-cp313-musllinux_1_1_x86_64.whl", hash = "sha256:3b03d8f2a07f0fea8c8f74deb59f8352b770e3900d143b3d1475effcb08eec20", size = 6491489, upload-time = "2025-07-24T18:53:55.06Z" },
    { url = "https://files.pythonhosted.org/packages/75/33/a04e99be2a82c4cbc4039eb3a76f6c3632932b9d5d295221389d10ac9ca7/grpcio-1.74.0-cp313-cp313-win32.whl", hash = "sha256:b6a73b2ba83e663b2480a90b82fdae6a7aa6427f62bf43b29912c0cfd1aa2bfa", size = 3805811, upload-time = "2025-07-24T18:53:56.798Z" },
    { url = "https://files.pythonhosted.org/packages/34/80/de3eb55eb581815342d097214bed4c59e806b05f1b3110df03b2280d6dfd/grpcio-1.74.0-cp313-cp313-win_amd64.whl", hash = "sha256:fd3c71aeee838299c5887230b8a1822795325ddfea635edd82954c1eaa831e24", size = 4489214, upload-time = "2025-07-24T18:53:59.771Z" },
]

[[package]]
name = "grpcio-tools"
version = "1.74.0"
source = { registry = "https://pypi.org/simple" }
dependencies = [
    { name = "grpcio" },
    { name = "protobuf" },
    { name = "setuptools" },
]
sdist = { url = "https://files.pythonhosted.org/packages/90/c8/bca79cb8c14bb63027831039919c801db9f593c7504c09433934f5dff6a4/grpcio_tools-1.74.0.tar.gz", hash = "sha256:88ab9eb18b6ac1b4872add6b394073bd8d44eee7c32e4dc60a022e25ffaffb95", size = 5390007, upload-time = "2025-07-24T18:57:23.852Z" }
wheels = [
    { url = "https://files.pythonhosted.org/packages/2f/65/307a72cf4bfa553a25e284bd1f27b94a53816ac01ddf432c398117b91b2a/grpcio_tools-1.74.0-cp313-cp313-linux_armv7l.whl", hash = "sha256:e2e22460355adbd0f25fdd7ed8b9ae53afb3875b9d5f34cdf1cf12559418245e", size = 2545750, upload-time = "2025-07-24T18:56:46.386Z" },
    { url = "https://files.pythonhosted.org/packages/5b/8e/9b2217c15baadc7cfca3eba9f980e147452ca82f41767490f619edea3489/grpcio_tools-1.74.0-cp313-cp313-macosx_11_0_universal2.whl", hash = "sha256:0cab5a2c6ae75b555fee8a1a9a9b575205171e1de392fe2d4139a29e67d8f5bb", size = 5838169, upload-time = "2025-07-24T18:56:48.057Z" },
    { url = "https://files.pythonhosted.org/packages/ea/42/a6a158b7e91c0a358cddf3f9088b004c2bfa42d1f96154b9b8eb17e16d73/grpcio_tools-1.74.0-cp313-cp313-manylinux_2_17_aarch64.whl", hash = "sha256:9b18afca48b55832402a716ea4634ef2b68927a8a17ddf4038f51812299255c9", size = 2517140, upload-time = "2025-07-24T18:56:49.696Z" },
    { url = "https://files.pythonhosted.org/packages/05/db/d4576a07b2d1211822a070f76a99a9f4f4cb63496a02964ce77c88df8a28/grpcio_tools-1.74.0-cp313-cp313-manylinux_2_17_i686.manylinux2014_i686.whl", hash = "sha256:e85f442a9e89e276bf89a0c9c76ea71647a927d967759333c1fa40300c27f7bd", size = 2905214, upload-time = "2025-07-24T18:56:51.768Z" },
    { url = "https://files.pythonhosted.org/packages/77/dc/3713e75751f862d8c84f823ba935d486c0aac0b6f789fa61fbde04ad5019/grpcio_tools-1.74.0-cp313-cp313-manylinux_2_17_x86_64.manylinux2014_x86_64.whl", hash = "sha256:051ce925b0b99ae2daf61b3cba19962b8655cc2a72758ce4081b89272206f5a3", size = 2656245, upload-time = "2025-07-24T18:56:53.877Z" },
    { url = "https://files.pythonhosted.org/packages/bd/e4/01f9e8e0401d8e11a70ae8aff6899eb8c16536f69a0a9ffb25873588721c/grpcio_tools-1.74.0-cp313-cp313-musllinux_1_1_aarch64.whl", hash = "sha256:98c7b8eb0de6984cd7fa7335ce3383b3bb9a1559edc238c811df88008d5d3593", size = 3052327, upload-time = "2025-07-24T18:56:55.535Z" },
    { url = "https://files.pythonhosted.org/packages/28/c2/264b4e705375a834c9c7462847ae435c0be1644f03a705d3d7464af07bd5/grpcio_tools-1.74.0-cp313-cp313-musllinux_1_1_i686.whl", hash = "sha256:f8f7d17b7573b9a2a6b4183fa4a56a2ab17370c8d0541e1424cf0c9c6f863434", size = 3500706, upload-time = "2025-07-24T18:56:57.245Z" },
    { url = "https://files.pythonhosted.org/packages/ee/c0/cc034cec5871a1918e7888e8ce700e06fab5bbb328f998a2f2750cd603b5/grpcio_tools-1.74.0-cp313-cp313-musllinux_1_1_x86_64.whl", hash = "sha256:db08b91ea0cd66dc4b1b929100e7aa84c9c10c51573c8282ec1ba05b41f887ef", size = 3125098, upload-time = "2025-07-24T18:56:59.02Z" },
    { url = "https://files.pythonhosted.org/packages/69/55/5792b681af82b3ff1e50ce0ccfbb6d52fc68a13932ed3da57e58d7dfb67b/grpcio_tools-1.74.0-cp313-cp313-win32.whl", hash = "sha256:4b6c5efb331ae9e5f614437f4a5938459a8a5a1ab3dfe133d2bbdeaba39b894d", size = 992431, upload-time = "2025-07-24T18:57:00.618Z" },
    { url = "https://files.pythonhosted.org/packages/94/9f/626f0fe6bfc1c6917785c6a5ee2eb8c07b5a30771e4bf4cff3c1ab5b431b/grpcio_tools-1.74.0-cp313-cp313-win_amd64.whl", hash = "sha256:b8324cd67f61f7900d227b36913ee5f0302ba3ba8777c8bc705afa8174098d28", size = 1157064, upload-time = "2025-07-24T18:57:02.579Z" },
]

[[package]]
name = "posts-grpc"
version = "0.1.0"
source = { virtual = "." }
dependencies = [
    { name = "grpcio" },
]

[package.dev-dependencies]
dev = [
    { name = "grpcio-tools" },
    { name = "ruff" },
]

[package.metadata]
requires-dist = [{ name = "grpcio", specifier = ">=1.74.0" }]

[package.metadata.requires-dev]
dev = [
    { name = "grpcio-tools", specifier = ">=1.74.0" },
    { name = "ruff", specifier = ">=0.12.9" },
]

[[package]]
name = "protobuf"
version = "6.32.0"
source = { registry = "https://pypi.org/simple" }
sdist = { url = "https://files.pythonhosted.org/packages/c0/df/fb4a8eeea482eca989b51cffd274aac2ee24e825f0bf3cbce5281fa1567b/protobuf-6.32.0.tar.gz", hash = "sha256:a81439049127067fc49ec1d36e25c6ee1d1a2b7be930675f919258d03c04e7d2", size = 440614, upload-time = "2025-08-14T21:21:25.015Z" }
wheels = [
    { url = "https://files.pythonhosted.org/packages/33/18/df8c87da2e47f4f1dcc5153a81cd6bca4e429803f4069a299e236e4dd510/protobuf-6.32.0-cp310-abi3-win32.whl", hash = "sha256:84f9e3c1ff6fb0308dbacb0950d8aa90694b0d0ee68e75719cb044b7078fe741", size = 424409, upload-time = "2025-08-14T21:21:12.366Z" },
    { url = "https://files.pythonhosted.org/packages/e1/59/0a820b7310f8139bd8d5a9388e6a38e1786d179d6f33998448609296c229/protobuf-6.32.0-cp310-abi3-win_amd64.whl", hash = "sha256:a8bdbb2f009cfc22a36d031f22a625a38b615b5e19e558a7b756b3279723e68e", size = 435735, upload-time = "2025-08-14T21:21:15.046Z" },
    { url = "https://files.pythonhosted.org/packages/cc/5b/0d421533c59c789e9c9894683efac582c06246bf24bb26b753b149bd88e4/protobuf-6.32.0-cp39-abi3-macosx_10_9_universal2.whl", hash = "sha256:d52691e5bee6c860fff9a1c86ad26a13afbeb4b168cd4445c922b7e2cf85aaf0", size = 426449, upload-time = "2025-08-14T21:21:16.687Z" },
    { url = "https://files.pythonhosted.org/packages/ec/7b/607764ebe6c7a23dcee06e054fd1de3d5841b7648a90fd6def9a3bb58c5e/protobuf-6.32.0-cp39-abi3-manylinux2014_aarch64.whl", hash = "sha256:501fe6372fd1c8ea2a30b4d9be8f87955a64d6be9c88a973996cef5ef6f0abf1", size = 322869, upload-time = "2025-08-14T21:21:18.282Z" },
    { url = "https://files.pythonhosted.org/packages/40/01/2e730bd1c25392fc32e3268e02446f0d77cb51a2c3a8486b1798e34d5805/protobuf-6.32.0-cp39-abi3-manylinux2014_x86_64.whl", hash = "sha256:75a2aab2bd1aeb1f5dc7c5f33bcb11d82ea8c055c9becbb41c26a8c43fd7092c", size = 322009, upload-time = "2025-08-14T21:21:19.893Z" },
    { url = "https://files.pythonhosted.org/packages/9c/f2/80ffc4677aac1bc3519b26bc7f7f5de7fce0ee2f7e36e59e27d8beb32dd1/protobuf-6.32.0-py3-none-any.whl", hash = "sha256:ba377e5b67b908c8f3072a57b63e2c6a4cbd18aea4ed98d2584350dbf46f2783", size = 169287, upload-time = "2025-08-14T21:21:23.515Z" },
]

[[package]]
name = "ruff"
version = "0.12.9"
source = { registry = "https://pypi.org/simple" }
sdist = { url = "https://files.pythonhosted.org/packages/4a/45/2e403fa7007816b5fbb324cb4f8ed3c7402a927a0a0cb2b6279879a8bfdc/ruff-0.12.9.tar.gz", hash = "sha256:fbd94b2e3c623f659962934e52c2bea6fc6da11f667a427a368adaf3af2c866a", size = 5254702, upload-time = "2025-08-14T16:08:55.2Z" }
wheels = [
    { url = "https://files.pythonhosted.org/packages/ad/20/53bf098537adb7b6a97d98fcdebf6e916fcd11b2e21d15f8c171507909cc/ruff-0.12.9-py3-none-linux_armv6l.whl", hash = "sha256:fcebc6c79fcae3f220d05585229463621f5dbf24d79fdc4936d9302e177cfa3e", size = 11759705, upload-time = "2025-08-14T16:08:12.968Z" },
    { url = "https://files.pythonhosted.org/packages/20/4d/c764ee423002aac1ec66b9d541285dd29d2c0640a8086c87de59ebbe80d5/ruff-0.12.9-py3-none-macosx_10_12_x86_64.whl", hash = "sha256:aed9d15f8c5755c0e74467731a007fcad41f19bcce41cd75f768bbd687f8535f", size = 12527042, upload-time = "2025-08-14T16:08:16.54Z" },
    { url = "https://files.pythonhosted.org/packages/8b/45/cfcdf6d3eb5fc78a5b419e7e616d6ccba0013dc5b180522920af2897e1be/ruff-0.12.9-py3-none-macosx_11_0_arm64.whl", hash = "sha256:5b15ea354c6ff0d7423814ba6d44be2807644d0c05e9ed60caca87e963e93f70", size = 11724457, upload-time = "2025-08-14T16:08:18.686Z" },
    { url = "https://files.pythonhosted.org/packages/72/e6/44615c754b55662200c48bebb02196dbb14111b6e266ab071b7e7297b4ec/ruff-0.12.9-py3-none-manylinux_2_17_aarch64.manylinux2014_aarch64.whl", hash = "sha256:d596c2d0393c2502eaabfef723bd74ca35348a8dac4267d18a94910087807c53", size = 11949446, upload-time = "2025-08-14T16:08:21.059Z" },
    { url = "https://files.pythonhosted.org/packages/fd/d1/9b7d46625d617c7df520d40d5ac6cdcdf20cbccb88fad4b5ecd476a6bb8d/ruff-0.12.9-py3-none-manylinux_2_17_armv7l.manylinux2014_armv7l.whl", hash = "sha256:1b15599931a1a7a03c388b9c5df1bfa62be7ede6eb7ef753b272381f39c3d0ff", size = 11566350, upload-time = "2025-08-14T16:08:23.433Z" },
    { url = "https://files.pythonhosted.org/packages/59/20/b73132f66f2856bc29d2d263c6ca457f8476b0bbbe064dac3ac3337a270f/ruff-0.12.9-py3-none-manylinux_2_17_i686.manylinux2014_i686.whl", hash = "sha256:3d02faa2977fb6f3f32ddb7828e212b7dd499c59eb896ae6c03ea5c303575756", size = 13270430, upload-time = "2025-08-14T16:08:25.837Z" },
    { url = "https://files.pythonhosted.org/packages/a2/21/eaf3806f0a3d4c6be0a69d435646fba775b65f3f2097d54898b0fd4bb12e/ruff-0.12.9-py3-none-manylinux_2_17_ppc64.manylinux2014_ppc64.whl", hash = "sha256:17d5b6b0b3a25259b69ebcba87908496e6830e03acfb929ef9fd4c58675fa2ea", size = 14264717, upload-time = "2025-08-14T16:08:27.907Z" },
    { url = "https://files.pythonhosted.org/packages/d2/82/1d0c53bd37dcb582b2c521d352fbf4876b1e28bc0d8894344198f6c9950d/ruff-0.12.9-py3-none-manylinux_2_17_ppc64le.manylinux2014_ppc64le.whl", hash = "sha256:72db7521860e246adbb43f6ef464dd2a532ef2ef1f5dd0d470455b8d9f1773e0", size = 13684331, upload-time = "2025-08-14T16:08:30.352Z" },
    { url = "https://files.pythonhosted.org/packages/3b/2f/1c5cf6d8f656306d42a686f1e207f71d7cebdcbe7b2aa18e4e8a0cb74da3/ruff-0.12.9-py3-none-manylinux_2_17_s390x.manylinux2014_s390x.whl", hash = "sha256:a03242c1522b4e0885af63320ad754d53983c9599157ee33e77d748363c561ce", size = 12739151, upload-time = "2025-08-14T16:08:32.55Z" },
    { url = "https://files.pythonhosted.org/packages/47/09/25033198bff89b24d734e6479e39b1968e4c992e82262d61cdccaf11afb9/ruff-0.12.9-py3-none-manylinux_2_17_x86_64.manylinux2014_x86_64.whl", hash = "sha256:9fc83e4e9751e6c13b5046d7162f205d0a7bac5840183c5beebf824b08a27340", size = 12954992, upload-time = "2025-08-14T16:08:34.816Z" },
    { url = "https://files.pythonhosted.org/packages/52/8e/d0dbf2f9dca66c2d7131feefc386523404014968cd6d22f057763935ab32/ruff-0.12.9-py3-none-manylinux_2_31_riscv64.whl", hash = "sha256:881465ed56ba4dd26a691954650de6ad389a2d1fdb130fe51ff18a25639fe4bb", size = 12899569, upload-time = "2025-08-14T16:08:36.852Z" },
    { url = "https://files.pythonhosted.org/packages/a0/bd/b614d7c08515b1428ed4d3f1d4e3d687deffb2479703b90237682586fa66/ruff-0.12.9-py3-none-musllinux_1_2_aarch64.whl", hash = "sha256:43f07a3ccfc62cdb4d3a3348bf0588358a66da756aa113e071b8ca8c3b9826af", size = 11751983, upload-time = "2025-08-14T16:08:39.314Z" },
    { url = "https://files.pythonhosted.org/packages/58/d6/383e9f818a2441b1a0ed898d7875f11273f10882f997388b2b51cb2ae8b5/ruff-0.12.9-py3-none-musllinux_1_2_armv7l.whl", hash = "sha256:07adb221c54b6bba24387911e5734357f042e5669fa5718920ee728aba3cbadc", size = 11538635, upload-time = "2025-08-14T16:08:41.297Z" },
    { url = "https://files.pythonhosted.org/packages/20/9c/56f869d314edaa9fc1f491706d1d8a47747b9d714130368fbd69ce9024e9/ruff-0.12.9-py3-none-musllinux_1_2_i686.whl", hash = "sha256:f5cd34fabfdea3933ab85d72359f118035882a01bff15bd1d2b15261d85d5f66", size = 12534346, upload-time = "2025-08-14T16:08:43.39Z" },
    { url = "https://files.pythonhosted.org/packages/bd/4b/d8b95c6795a6c93b439bc913ee7a94fda42bb30a79285d47b80074003ee7/ruff-0.12.9-py3-none-musllinux_1_2_x86_64.whl", hash = "sha256:f6be1d2ca0686c54564da8e7ee9e25f93bdd6868263805f8c0b8fc6a449db6d7", size = 13017021, upload-time = "2025-08-14T16:08:45.889Z" },
    { url = "https://files.pythonhosted.org/packages/c7/c1/5f9a839a697ce1acd7af44836f7c2181cdae5accd17a5cb85fcbd694075e/ruff-0.12.9-py3-none-win32.whl", hash = "sha256:cc7a37bd2509974379d0115cc5608a1a4a6c4bff1b452ea69db83c8855d53f93", size = 11734785, upload-time = "2025-08-14T16:08:48.062Z" },
    { url = "https://files.pythonhosted.org/packages/fa/66/cdddc2d1d9a9f677520b7cfc490d234336f523d4b429c1298de359a3be08/ruff-0.12.9-py3-none-win_amd64.whl", hash = "sha256:6fb15b1977309741d7d098c8a3cb7a30bc112760a00fb6efb7abc85f00ba5908", size = 12840654, upload-time = "2025-08-14T16:08:50.158Z" },
    { url = "https://files.pythonhosted.org/packages/ac/fd/669816bc6b5b93b9586f3c1d87cd6bc05028470b3ecfebb5938252c47a35/ruff-0.12.9-py3-none-win_arm64.whl", hash = "sha256:63c8c819739d86b96d500cce885956a1a48ab056bbcbc61b747ad494b2485089", size = 11949623, upload-time = "2025-08-14T16:08:52.233Z" },
]

[[package]]
name = "setuptools"
version = "80.9.0"
source = { registry = "https://pypi.org/simple" }
sdist = { url = "https://files.pythonhosted.org/packages/18/5d/3bf57dcd21979b887f014ea83c24ae194cfcd12b9e0fda66b957c69d1fca/setuptools-80.9.0.tar.gz", hash = "sha256:f36b47402ecde768dbfafc46e8e4207b4360c654f1f3bb84475f0a28628fb19c", size = 1319958, upload-time = "2025-05-27T00:56:51.443Z" }
wheels = [
    { url = "https://files.pythonhosted.org/packages/a3/dc/17031897dae0efacfea57dfd3a82fdd2a2aeb58e0ff71b77b87e44edc772/setuptools-80.9.0-py3-none-any.whl", hash = "sha256:062d34222ad13e0cc312a4c02d73f059e86a4acbfbdea8f8f76b28c99f306922", size = 1201486, upload-time = "2025-05-27T00:56:49.664Z" },
]
